
Microsoft Visual Studio Solution File, Format Version 12.00
# Visual Studio Version 16
VisualStudioVersion = 16.0.31515.178
MinimumVisualStudioVersion = 10.0.40219.1
Project("{888888A0-9F3D-457C-B088-3A5042F75D52}") = "PythonApplication10", "PythonApplication10\PythonApplication10.pyproj", "{13736B14-B847-4083-852E-BEFE4549BF52}"
EndProject
Global
	GlobalSection(SolutionConfigurationPlatforms) = preSolution
		Debug|Any CPU = Debug|Any CPU
		Release|Any CPU = Release|Any CPU
	EndGlobalSection
	GlobalSection(ProjectConfigurationPlatforms) = postSolution
		{13736B14-B847-4083-852E-BEFE4549BF52}.Debug|Any CPU.ActiveCfg = Debug|Any CPU
		{13736B14-B847-4083-852E-BEFE4549BF52}.Release|Any CPU.ActiveCfg = Release|Any CPU
	EndGlobalSection
	GlobalSection(SolutionProperties) = preSolution
		HideSolutionNode = FALSE
	EndGlobalSection
	GlobalSection(ExtensibilityGlobals) = postSolution
		SolutionGuid = {7ED970F5-9084-48F9-8BE9-C6E542A1E0AB}
	EndGlobalSection
EndGlobal
